// !$*UTF8*$!
{
	archiveVersion = 1;
	classes = {
	};
	objectVersion = 56;
	objects = {

/* Begin PBXBuildFile section */
		350C9B0029418FFC00CA167C /* FirebaseAuth in Frameworks */ = {isa = PBXBuildFile; productRef = 350C9AFF29418FFC00CA167C /* FirebaseAuth */; };
		350C9B0229418FFC00CA167C /* FirebaseFirestore in Frameworks */ = {isa = PBXBuildFile; productRef = 350C9B0129418FFC00CA167C /* FirebaseFirestore */; };
		350C9B0429418FFC00CA167C /* FirebaseFirestoreSwift in Frameworks */ = {isa = PBXBuildFile; productRef = 350C9B0329418FFC00CA167C /* FirebaseFirestoreSwift */; };
		350C9B0629418FFC00CA167C /* FirebaseStorage in Frameworks */ = {isa = PBXBuildFile; productRef = 350C9B0529418FFC00CA167C /* FirebaseStorage */; };
		350C9B092941902A00CA167C /* GoogleSignIn in Frameworks */ = {isa = PBXBuildFile; productRef = 350C9B082941902A00CA167C /* GoogleSignIn */; };
		350C9B0B2941902A00CA167C /* GoogleSignInSwift in Frameworks */ = {isa = PBXBuildFile; productRef = 350C9B0A2941902A00CA167C /* GoogleSignInSwift */; };
		351E2DFA2949944D0059BC34 /* EventDateView.swift in Sources */ = {isa = PBXBuildFile; fileRef = 351E2DF92949944D0059BC34 /* EventDateView.swift */; };
		351E2DFC294998A10059BC34 /* EventDateFeedView.swift in Sources */ = {isa = PBXBuildFile; fileRef = 351E2DFB294998A10059BC34 /* EventDateFeedView.swift */; };
		351E2DFE294999070059BC34 /* EventDateFeedViewRepresentable.swift in Sources */ = {isa = PBXBuildFile; fileRef = 351E2DFD294999070059BC34 /* EventDateFeedViewRepresentable.swift */; };
		351E2E00294999330059BC34 /* EventDateFeedViewModel.swift in Sources */ = {isa = PBXBuildFile; fileRef = 351E2DFF294999330059BC34 /* EventDateFeedViewModel.swift */; };
		35519C422916AA0C00B63497 /* NewEventView.swift in Sources */ = {isa = PBXBuildFile; fileRef = 35519C412916AA0C00B63497 /* NewEventView.swift */; };
		35519C452916AB7E00B63497 /* EventsManagerViewModel.swift in Sources */ = {isa = PBXBuildFile; fileRef = 35519C442916AB7E00B63497 /* EventsManagerViewModel.swift */; };
		35519C4A2916B8E400B63497 /* User.swift in Sources */ = {isa = PBXBuildFile; fileRef = 35519C492916B8E400B63497 /* User.swift */; };
		35519C4C2916B95400B63497 /* UserRepository.swift in Sources */ = {isa = PBXBuildFile; fileRef = 35519C4B2916B95400B63497 /* UserRepository.swift */; };
		35519C4E2916B9C400B63497 /* UserViewModel.swift in Sources */ = {isa = PBXBuildFile; fileRef = 35519C4D2916B9C400B63497 /* UserViewModel.swift */; };
		35519C502916BA0400B63497 /* UsersManagerViewModel.swift in Sources */ = {isa = PBXBuildFile; fileRef = 35519C4F2916BA0400B63497 /* UsersManagerViewModel.swift */; };
		35519C522916BA5700B63497 /* NewUserView.swift in Sources */ = {isa = PBXBuildFile; fileRef = 35519C512916BA5700B63497 /* NewUserView.swift */; };
		35519C542916BCDB00B63497 /* Clip.swift in Sources */ = {isa = PBXBuildFile; fileRef = 35519C532916BCDB00B63497 /* Clip.swift */; };
		35519C562916BDD500B63497 /* ClipRepository.swift in Sources */ = {isa = PBXBuildFile; fileRef = 35519C552916BDD500B63497 /* ClipRepository.swift */; };
		35519C582916BF6C00B63497 /* ClipViewModel.swift in Sources */ = {isa = PBXBuildFile; fileRef = 35519C572916BF6C00B63497 /* ClipViewModel.swift */; };
		35519C5A2916BFF000B63497 /* ClipsManagerViewModel.swift in Sources */ = {isa = PBXBuildFile; fileRef = 35519C592916BFF000B63497 /* ClipsManagerViewModel.swift */; };
		35519C5C2916C09F00B63497 /* NewClipView.swift in Sources */ = {isa = PBXBuildFile; fileRef = 35519C5B2916C09F00B63497 /* NewClipView.swift */; };
		35519C6529186ECC00B63497 /* ClipSelectView.swift in Sources */ = {isa = PBXBuildFile; fileRef = 35519C6429186ECC00B63497 /* ClipSelectView.swift */; };
		35519C6729186F2600B63497 /* ClipSelectViewModel.swift in Sources */ = {isa = PBXBuildFile; fileRef = 35519C6629186F2600B63497 /* ClipSelectViewModel.swift */; };
		35519C6929187C8500B63497 /* Movie.swift in Sources */ = {isa = PBXBuildFile; fileRef = 35519C6829187C8500B63497 /* Movie.swift */; };
		35519C8E291DD04C00B63497 /* UploadedView.swift in Sources */ = {isa = PBXBuildFile; fileRef = 35519C8D291DD04C00B63497 /* UploadedView.swift */; };
		35AB93FF293EE5B8007EA56D /* SearchView.swift in Sources */ = {isa = PBXBuildFile; fileRef = 35AB93FE293EE5B8007EA56D /* SearchView.swift */; };
		35AB9403293F94B9007EA56D /* EventFeedView.swift in Sources */ = {isa = PBXBuildFile; fileRef = 35AB9402293F94B9007EA56D /* EventFeedView.swift */; };
		35AB9405294036A3007EA56D /* EventFeedViewRepresentable.swift in Sources */ = {isa = PBXBuildFile; fileRef = 35AB9404294036A3007EA56D /* EventFeedViewRepresentable.swift */; };
		35AB940729403741007EA56D /* EventFeedViewModel.swift in Sources */ = {isa = PBXBuildFile; fileRef = 35AB940629403741007EA56D /* EventFeedViewModel.swift */; };
		35E0C6092915DE210019D623 /* GoogleService-Info.plist in Resources */ = {isa = PBXBuildFile; fileRef = 35E0C6082915DE210019D623 /* GoogleService-Info.plist */; };
		35E0C60F2915E8850019D623 /* EventRepository.swift in Sources */ = {isa = PBXBuildFile; fileRef = 35E0C60E2915E8850019D623 /* EventRepository.swift */; };
		35E0C6122915E9950019D623 /* Event.swift in Sources */ = {isa = PBXBuildFile; fileRef = 35E0C6112915E9950019D623 /* Event.swift */; };
		35E0C6152915EB300019D623 /* EventViewModel.swift in Sources */ = {isa = PBXBuildFile; fileRef = 35E0C6142915EB300019D623 /* EventViewModel.swift */; };
		35EF6DD82941946E00274957 /* EventSectionView.swift in Sources */ = {isa = PBXBuildFile; fileRef = 35EF6DD72941946E00274957 /* EventSectionView.swift */; };
		35EF6DDA2941971800274957 /* EventSectionFeedView.swift in Sources */ = {isa = PBXBuildFile; fileRef = 35EF6DD92941971800274957 /* EventSectionFeedView.swift */; };
		35EF6DDC2941A67300274957 /* EventSectionFeedViewRepresentable.swift in Sources */ = {isa = PBXBuildFile; fileRef = 35EF6DDB2941A67300274957 /* EventSectionFeedViewRepresentable.swift */; };
		35EF6DDE2941A68900274957 /* EventSectionFeedViewModel.swift in Sources */ = {isa = PBXBuildFile; fileRef = 35EF6DDD2941A68900274957 /* EventSectionFeedViewModel.swift */; };
		4925F0F529446D46000C78E1 /* no_clips_view.swift in Sources */ = {isa = PBXBuildFile; fileRef = 4925F0F429446D46000C78E1 /* no_clips_view.swift */; };
		4938783B2920388F00706587 /* FeedViewRepresentable.swift in Sources */ = {isa = PBXBuildFile; fileRef = 4938783A2920388F00706587 /* FeedViewRepresentable.swift */; };
		BA7D65662942A1220042C8ED /* SavedClipsViewModel.swift in Sources */ = {isa = PBXBuildFile; fileRef = BA7D65652942A1220042C8ED /* SavedClipsViewModel.swift */; };
		BA7D65682942A1AD0042C8ED /* SavedClipsView.swift in Sources */ = {isa = PBXBuildFile; fileRef = BA7D65672942A1AD0042C8ED /* SavedClipsView.swift */; };
		BA7D656A2942A1D90042C8ED /* SavedClipsViewRepresentable.swift in Sources */ = {isa = PBXBuildFile; fileRef = BA7D65692942A1D90042C8ED /* SavedClipsViewRepresentable.swift */; };
		BA970B08294131430082A687 /* AuthenticationViewModel.swift in Sources */ = {isa = PBXBuildFile; fileRef = BA970B07294131430082A687 /* AuthenticationViewModel.swift */; };
		BA970B18294135C90082A687 /* LoginView.swift in Sources */ = {isa = PBXBuildFile; fileRef = BA970B17294135C90082A687 /* LoginView.swift */; };
		BA970B1A294135F90082A687 /* GoogleSignInButton.swift in Sources */ = {isa = PBXBuildFile; fileRef = BA970B19294135F90082A687 /* GoogleSignInButton.swift */; };
		BA970B1C2941368F0082A687 /* AppView.swift in Sources */ = {isa = PBXBuildFile; fileRef = BA970B1B2941368F0082A687 /* AppView.swift */; };
		BA970B1E2941375B0082A687 /* LoggedInView.swift in Sources */ = {isa = PBXBuildFile; fileRef = BA970B1D2941375B0082A687 /* LoggedInView.swift */; };
		BA970B2529414F850082A687 /* UserView.swift in Sources */ = {isa = PBXBuildFile; fileRef = BA970B2429414F850082A687 /* UserView.swift */; };
		BAB04BE7291DFFCE005B42DE /* FeedViewModel.swift in Sources */ = {isa = PBXBuildFile; fileRef = BAB04BE6291DFFCE005B42DE /* FeedViewModel.swift */; };
		BAB04BE9291E002A005B42DE /* FeedViewCell.swift in Sources */ = {isa = PBXBuildFile; fileRef = BAB04BE8291E002A005B42DE /* FeedViewCell.swift */; };
		BAB04BEB291E0CDE005B42DE /* FeedView.swift in Sources */ = {isa = PBXBuildFile; fileRef = BAB04BEA291E0CDE005B42DE /* FeedView.swift */; };
		BABED9E22915D145003BB814 /* ConcertClipsApp.swift in Sources */ = {isa = PBXBuildFile; fileRef = BABED9E12915D145003BB814 /* ConcertClipsApp.swift */; };
		BABED9E42915D145003BB814 /* ContentView.swift in Sources */ = {isa = PBXBuildFile; fileRef = BABED9E32915D145003BB814 /* ContentView.swift */; };
		BABED9E62915D146003BB814 /* Assets.xcassets in Resources */ = {isa = PBXBuildFile; fileRef = BABED9E52915D146003BB814 /* Assets.xcassets */; };
		BABED9E92915D146003BB814 /* Preview Assets.xcassets in Resources */ = {isa = PBXBuildFile; fileRef = BABED9E82915D146003BB814 /* Preview Assets.xcassets */; };
		BABED9EB2915D146003BB814 /* Persistence.swift in Sources */ = {isa = PBXBuildFile; fileRef = BABED9EA2915D146003BB814 /* Persistence.swift */; };
		BABED9EE2915D146003BB814 /* ConcertClips.xcdatamodeld in Sources */ = {isa = PBXBuildFile; fileRef = BABED9EC2915D146003BB814 /* ConcertClips.xcdatamodeld */; };
/* End PBXBuildFile section */

/* Begin PBXFileReference section */
		351E2DF92949944D0059BC34 /* EventDateView.swift */ = {isa = PBXFileReference; lastKnownFileType = sourcecode.swift; path = EventDateView.swift; sourceTree = "<group>"; };
		351E2DFB294998A10059BC34 /* EventDateFeedView.swift */ = {isa = PBXFileReference; lastKnownFileType = sourcecode.swift; path = EventDateFeedView.swift; sourceTree = "<group>"; };
		351E2DFD294999070059BC34 /* EventDateFeedViewRepresentable.swift */ = {isa = PBXFileReference; lastKnownFileType = sourcecode.swift; path = EventDateFeedViewRepresentable.swift; sourceTree = "<group>"; };
		351E2DFF294999330059BC34 /* EventDateFeedViewModel.swift */ = {isa = PBXFileReference; lastKnownFileType = sourcecode.swift; path = EventDateFeedViewModel.swift; sourceTree = "<group>"; };
		35519C412916AA0C00B63497 /* NewEventView.swift */ = {isa = PBXFileReference; lastKnownFileType = sourcecode.swift; path = NewEventView.swift; sourceTree = "<group>"; };
		35519C442916AB7E00B63497 /* EventsManagerViewModel.swift */ = {isa = PBXFileReference; lastKnownFileType = sourcecode.swift; path = EventsManagerViewModel.swift; sourceTree = "<group>"; };
		35519C492916B8E400B63497 /* User.swift */ = {isa = PBXFileReference; lastKnownFileType = sourcecode.swift; path = User.swift; sourceTree = "<group>"; };
		35519C4B2916B95400B63497 /* UserRepository.swift */ = {isa = PBXFileReference; lastKnownFileType = sourcecode.swift; path = UserRepository.swift; sourceTree = "<group>"; };
		35519C4D2916B9C400B63497 /* UserViewModel.swift */ = {isa = PBXFileReference; lastKnownFileType = sourcecode.swift; path = UserViewModel.swift; sourceTree = "<group>"; };
		35519C4F2916BA0400B63497 /* UsersManagerViewModel.swift */ = {isa = PBXFileReference; lastKnownFileType = sourcecode.swift; path = UsersManagerViewModel.swift; sourceTree = "<group>"; };
		35519C512916BA5700B63497 /* NewUserView.swift */ = {isa = PBXFileReference; lastKnownFileType = sourcecode.swift; path = NewUserView.swift; sourceTree = "<group>"; };
		35519C532916BCDB00B63497 /* Clip.swift */ = {isa = PBXFileReference; lastKnownFileType = sourcecode.swift; path = Clip.swift; sourceTree = "<group>"; };
		35519C552916BDD500B63497 /* ClipRepository.swift */ = {isa = PBXFileReference; lastKnownFileType = sourcecode.swift; path = ClipRepository.swift; sourceTree = "<group>"; };
		35519C572916BF6C00B63497 /* ClipViewModel.swift */ = {isa = PBXFileReference; lastKnownFileType = sourcecode.swift; path = ClipViewModel.swift; sourceTree = "<group>"; };
		35519C592916BFF000B63497 /* ClipsManagerViewModel.swift */ = {isa = PBXFileReference; lastKnownFileType = sourcecode.swift; path = ClipsManagerViewModel.swift; sourceTree = "<group>"; };
		35519C5B2916C09F00B63497 /* NewClipView.swift */ = {isa = PBXFileReference; lastKnownFileType = sourcecode.swift; path = NewClipView.swift; sourceTree = "<group>"; };
		35519C6429186ECC00B63497 /* ClipSelectView.swift */ = {isa = PBXFileReference; lastKnownFileType = sourcecode.swift; path = ClipSelectView.swift; sourceTree = "<group>"; };
		35519C6629186F2600B63497 /* ClipSelectViewModel.swift */ = {isa = PBXFileReference; lastKnownFileType = sourcecode.swift; path = ClipSelectViewModel.swift; sourceTree = "<group>"; };
		35519C6829187C8500B63497 /* Movie.swift */ = {isa = PBXFileReference; lastKnownFileType = sourcecode.swift; path = Movie.swift; sourceTree = "<group>"; };
		35519C8D291DD04C00B63497 /* UploadedView.swift */ = {isa = PBXFileReference; lastKnownFileType = sourcecode.swift; path = UploadedView.swift; sourceTree = "<group>"; };
		35AB93FE293EE5B8007EA56D /* SearchView.swift */ = {isa = PBXFileReference; lastKnownFileType = sourcecode.swift; path = SearchView.swift; sourceTree = "<group>"; };
		35AB9402293F94B9007EA56D /* EventFeedView.swift */ = {isa = PBXFileReference; lastKnownFileType = sourcecode.swift; path = EventFeedView.swift; sourceTree = "<group>"; };
		35AB9404294036A3007EA56D /* EventFeedViewRepresentable.swift */ = {isa = PBXFileReference; lastKnownFileType = sourcecode.swift; path = EventFeedViewRepresentable.swift; sourceTree = "<group>"; };
		35AB940629403741007EA56D /* EventFeedViewModel.swift */ = {isa = PBXFileReference; lastKnownFileType = sourcecode.swift; path = EventFeedViewModel.swift; sourceTree = "<group>"; };
		35E0C6082915DE210019D623 /* GoogleService-Info.plist */ = {isa = PBXFileReference; fileEncoding = 4; lastKnownFileType = text.plist.xml; name = "GoogleService-Info.plist"; path = "ConcertClips/GoogleService-Info.plist"; sourceTree = "<group>"; };
		35E0C60E2915E8850019D623 /* EventRepository.swift */ = {isa = PBXFileReference; lastKnownFileType = sourcecode.swift; path = EventRepository.swift; sourceTree = "<group>"; };
		35E0C6112915E9950019D623 /* Event.swift */ = {isa = PBXFileReference; lastKnownFileType = sourcecode.swift; path = Event.swift; sourceTree = "<group>"; };
		35E0C6142915EB300019D623 /* EventViewModel.swift */ = {isa = PBXFileReference; lastKnownFileType = sourcecode.swift; path = EventViewModel.swift; sourceTree = "<group>"; };
		35EF6DD72941946E00274957 /* EventSectionView.swift */ = {isa = PBXFileReference; lastKnownFileType = sourcecode.swift; path = EventSectionView.swift; sourceTree = "<group>"; };
		35EF6DD92941971800274957 /* EventSectionFeedView.swift */ = {isa = PBXFileReference; lastKnownFileType = sourcecode.swift; path = EventSectionFeedView.swift; sourceTree = "<group>"; };
		35EF6DDB2941A67300274957 /* EventSectionFeedViewRepresentable.swift */ = {isa = PBXFileReference; lastKnownFileType = sourcecode.swift; path = EventSectionFeedViewRepresentable.swift; sourceTree = "<group>"; };
		35EF6DDD2941A68900274957 /* EventSectionFeedViewModel.swift */ = {isa = PBXFileReference; lastKnownFileType = sourcecode.swift; path = EventSectionFeedViewModel.swift; sourceTree = "<group>"; };
		4925F0F429446D46000C78E1 /* no_clips_view.swift */ = {isa = PBXFileReference; lastKnownFileType = sourcecode.swift; path = no_clips_view.swift; sourceTree = "<group>"; };
		4938783A2920388F00706587 /* FeedViewRepresentable.swift */ = {isa = PBXFileReference; lastKnownFileType = sourcecode.swift; path = FeedViewRepresentable.swift; sourceTree = "<group>"; };
		BA7D65652942A1220042C8ED /* SavedClipsViewModel.swift */ = {isa = PBXFileReference; lastKnownFileType = sourcecode.swift; path = SavedClipsViewModel.swift; sourceTree = "<group>"; };
		BA7D65672942A1AD0042C8ED /* SavedClipsView.swift */ = {isa = PBXFileReference; lastKnownFileType = sourcecode.swift; path = SavedClipsView.swift; sourceTree = "<group>"; };
		BA7D65692942A1D90042C8ED /* SavedClipsViewRepresentable.swift */ = {isa = PBXFileReference; lastKnownFileType = sourcecode.swift; path = SavedClipsViewRepresentable.swift; sourceTree = "<group>"; };
		BA970B07294131430082A687 /* AuthenticationViewModel.swift */ = {isa = PBXFileReference; lastKnownFileType = sourcecode.swift; path = AuthenticationViewModel.swift; sourceTree = "<group>"; };
		BA970B17294135C90082A687 /* LoginView.swift */ = {isa = PBXFileReference; lastKnownFileType = sourcecode.swift; path = LoginView.swift; sourceTree = "<group>"; };
		BA970B19294135F90082A687 /* GoogleSignInButton.swift */ = {isa = PBXFileReference; lastKnownFileType = sourcecode.swift; path = GoogleSignInButton.swift; sourceTree = "<group>"; };
		BA970B1B2941368F0082A687 /* AppView.swift */ = {isa = PBXFileReference; lastKnownFileType = sourcecode.swift; path = AppView.swift; sourceTree = "<group>"; };
		BA970B1D2941375B0082A687 /* LoggedInView.swift */ = {isa = PBXFileReference; lastKnownFileType = sourcecode.swift; path = LoggedInView.swift; sourceTree = "<group>"; };
		BA970B2329413C300082A687 /* Info.plist */ = {isa = PBXFileReference; lastKnownFileType = text.plist; path = Info.plist; sourceTree = "<group>"; };
		BA970B2429414F850082A687 /* UserView.swift */ = {isa = PBXFileReference; lastKnownFileType = sourcecode.swift; path = UserView.swift; sourceTree = "<group>"; };
		BAB04BE6291DFFCE005B42DE /* FeedViewModel.swift */ = {isa = PBXFileReference; lastKnownFileType = sourcecode.swift; path = FeedViewModel.swift; sourceTree = "<group>"; };
		BAB04BE8291E002A005B42DE /* FeedViewCell.swift */ = {isa = PBXFileReference; lastKnownFileType = sourcecode.swift; path = FeedViewCell.swift; sourceTree = "<group>"; };
		BAB04BEA291E0CDE005B42DE /* FeedView.swift */ = {isa = PBXFileReference; lastKnownFileType = sourcecode.swift; path = FeedView.swift; sourceTree = "<group>"; };
		BABED9DE2915D145003BB814 /* ConcertClips.app */ = {isa = PBXFileReference; explicitFileType = wrapper.application; includeInIndex = 0; path = ConcertClips.app; sourceTree = BUILT_PRODUCTS_DIR; };
		BABED9E12915D145003BB814 /* ConcertClipsApp.swift */ = {isa = PBXFileReference; lastKnownFileType = sourcecode.swift; path = ConcertClipsApp.swift; sourceTree = "<group>"; };
		BABED9E32915D145003BB814 /* ContentView.swift */ = {isa = PBXFileReference; lastKnownFileType = sourcecode.swift; path = ContentView.swift; sourceTree = "<group>"; };
		BABED9E52915D146003BB814 /* Assets.xcassets */ = {isa = PBXFileReference; lastKnownFileType = folder.assetcatalog; path = Assets.xcassets; sourceTree = "<group>"; };
		BABED9E82915D146003BB814 /* Preview Assets.xcassets */ = {isa = PBXFileReference; lastKnownFileType = folder.assetcatalog; path = "Preview Assets.xcassets"; sourceTree = "<group>"; };
		BABED9EA2915D146003BB814 /* Persistence.swift */ = {isa = PBXFileReference; lastKnownFileType = sourcecode.swift; path = Persistence.swift; sourceTree = "<group>"; };
		BABED9ED2915D146003BB814 /* ConcertClips.xcdatamodel */ = {isa = PBXFileReference; lastKnownFileType = wrapper.xcdatamodel; path = ConcertClips.xcdatamodel; sourceTree = "<group>"; };
/* End PBXFileReference section */

/* Begin PBXFrameworksBuildPhase section */
		BABED9DB2915D145003BB814 /* Frameworks */ = {
			isa = PBXFrameworksBuildPhase;
			buildActionMask = 2147483647;
			files = (
				350C9B092941902A00CA167C /* GoogleSignIn in Frameworks */,
				350C9B0429418FFC00CA167C /* FirebaseFirestoreSwift in Frameworks */,
				350C9B0229418FFC00CA167C /* FirebaseFirestore in Frameworks */,
				350C9B0B2941902A00CA167C /* GoogleSignInSwift in Frameworks */,
				350C9B0029418FFC00CA167C /* FirebaseAuth in Frameworks */,
				350C9B0629418FFC00CA167C /* FirebaseStorage in Frameworks */,
			);
			runOnlyForDeploymentPostprocessing = 0;
		};
/* End PBXFrameworksBuildPhase section */

/* Begin PBXGroup section */
		35519C432916AA1A00B63497 /* Views */ = {
			isa = PBXGroup;
			children = (
				35519C412916AA0C00B63497 /* NewEventView.swift */,
				BABED9E32915D145003BB814 /* ContentView.swift */,
				35519C512916BA5700B63497 /* NewUserView.swift */,
				35519C5B2916C09F00B63497 /* NewClipView.swift */,
				35519C6429186ECC00B63497 /* ClipSelectView.swift */,
				35519C8D291DD04C00B63497 /* UploadedView.swift */,
				BAB04BE8291E002A005B42DE /* FeedViewCell.swift */,
				BAB04BEA291E0CDE005B42DE /* FeedView.swift */,
				4938783A2920388F00706587 /* FeedViewRepresentable.swift */,
				35AB93FE293EE5B8007EA56D /* SearchView.swift */,
				35AB9402293F94B9007EA56D /* EventFeedView.swift */,
				35AB9404294036A3007EA56D /* EventFeedViewRepresentable.swift */,
				BA970B17294135C90082A687 /* LoginView.swift */,
				BA970B19294135F90082A687 /* GoogleSignInButton.swift */,
				BA970B1B2941368F0082A687 /* AppView.swift */,
				BA970B1D2941375B0082A687 /* LoggedInView.swift */,
				BA970B2429414F850082A687 /* UserView.swift */,
				35EF6DD72941946E00274957 /* EventSectionView.swift */,
				35EF6DD92941971800274957 /* EventSectionFeedView.swift */,
				35EF6DDB2941A67300274957 /* EventSectionFeedViewRepresentable.swift */,
				BA7D65672942A1AD0042C8ED /* SavedClipsView.swift */,
				BA7D65692942A1D90042C8ED /* SavedClipsViewRepresentable.swift */,
				351E2DF92949944D0059BC34 /* EventDateView.swift */,
				351E2DFB294998A10059BC34 /* EventDateFeedView.swift */,
				351E2DFD294999070059BC34 /* EventDateFeedViewRepresentable.swift */,
			);
			path = Views;
			sourceTree = "<group>";
		};
		35519C462916B08B00B63497 /* DataRepositories */ = {
			isa = PBXGroup;
			children = (
				35E0C60E2915E8850019D623 /* EventRepository.swift */,
				35519C4B2916B95400B63497 /* UserRepository.swift */,
				35519C552916BDD500B63497 /* ClipRepository.swift */,
			);
			path = DataRepositories;
			sourceTree = "<group>";
		};
		35E0C6102915E98C0019D623 /* Models */ = {
			isa = PBXGroup;
			children = (
				35E0C6112915E9950019D623 /* Event.swift */,
				35519C492916B8E400B63497 /* User.swift */,
				35519C532916BCDB00B63497 /* Clip.swift */,
				35519C6829187C8500B63497 /* Movie.swift */,
			);
			path = Models;
			sourceTree = "<group>";
		};
		35E0C6132915EB240019D623 /* ViewModel */ = {
			isa = PBXGroup;
			children = (
				35E0C6142915EB300019D623 /* EventViewModel.swift */,
				35519C442916AB7E00B63497 /* EventsManagerViewModel.swift */,
				35519C4D2916B9C400B63497 /* UserViewModel.swift */,
				35519C4F2916BA0400B63497 /* UsersManagerViewModel.swift */,
				35519C572916BF6C00B63497 /* ClipViewModel.swift */,
				35519C592916BFF000B63497 /* ClipsManagerViewModel.swift */,
				35519C6629186F2600B63497 /* ClipSelectViewModel.swift */,
				BAB04BE6291DFFCE005B42DE /* FeedViewModel.swift */,
				35AB940629403741007EA56D /* EventFeedViewModel.swift */,
				BA970B07294131430082A687 /* AuthenticationViewModel.swift */,
				35EF6DDD2941A68900274957 /* EventSectionFeedViewModel.swift */,
				BA7D65652942A1220042C8ED /* SavedClipsViewModel.swift */,
				351E2DFF294999330059BC34 /* EventDateFeedViewModel.swift */,
			);
			path = ViewModel;
			sourceTree = "<group>";
		};
		BABED9D52915D145003BB814 = {
			isa = PBXGroup;
			children = (
				4925F0F429446D46000C78E1 /* no_clips_view.swift */,
				35E0C6082915DE210019D623 /* GoogleService-Info.plist */,
				BABED9E02915D145003BB814 /* ConcertClips */,
				BABED9DF2915D145003BB814 /* Products */,
			);
			sourceTree = "<group>";
		};
		BABED9DF2915D145003BB814 /* Products */ = {
			isa = PBXGroup;
			children = (
				BABED9DE2915D145003BB814 /* ConcertClips.app */,
			);
			name = Products;
			sourceTree = "<group>";
		};
		BABED9E02915D145003BB814 /* ConcertClips */ = {
			isa = PBXGroup;
			children = (
				BA970B2329413C300082A687 /* Info.plist */,
				35519C462916B08B00B63497 /* DataRepositories */,
				35519C432916AA1A00B63497 /* Views */,
				35E0C6132915EB240019D623 /* ViewModel */,
				35E0C6102915E98C0019D623 /* Models */,
				BABED9E12915D145003BB814 /* ConcertClipsApp.swift */,
				BABED9E52915D146003BB814 /* Assets.xcassets */,
				BABED9EA2915D146003BB814 /* Persistence.swift */,
				BABED9EC2915D146003BB814 /* ConcertClips.xcdatamodeld */,
				BABED9E72915D146003BB814 /* Preview Content */,
			);
			path = ConcertClips;
			sourceTree = "<group>";
		};
		BABED9E72915D146003BB814 /* Preview Content */ = {
			isa = PBXGroup;
			children = (
				BABED9E82915D146003BB814 /* Preview Assets.xcassets */,
			);
			path = "Preview Content";
			sourceTree = "<group>";
		};
/* End PBXGroup section */

/* Begin PBXNativeTarget section */
		BABED9DD2915D145003BB814 /* ConcertClips */ = {
			isa = PBXNativeTarget;
			buildConfigurationList = BABED9F12915D146003BB814 /* Build configuration list for PBXNativeTarget "ConcertClips" */;
			buildPhases = (
				BABED9DA2915D145003BB814 /* Sources */,
				BABED9DB2915D145003BB814 /* Frameworks */,
				BABED9DC2915D145003BB814 /* Resources */,
			);
			buildRules = (
			);
			dependencies = (
			);
			name = ConcertClips;
			packageProductDependencies = (
				350C9AFF29418FFC00CA167C /* FirebaseAuth */,
				350C9B0129418FFC00CA167C /* FirebaseFirestore */,
				350C9B0329418FFC00CA167C /* FirebaseFirestoreSwift */,
				350C9B0529418FFC00CA167C /* FirebaseStorage */,
				350C9B082941902A00CA167C /* GoogleSignIn */,
				350C9B0A2941902A00CA167C /* GoogleSignInSwift */,
			);
			productName = ConcertClips;
			productReference = BABED9DE2915D145003BB814 /* ConcertClips.app */;
			productType = "com.apple.product-type.application";
		};
/* End PBXNativeTarget section */

/* Begin PBXProject section */
		BABED9D62915D145003BB814 /* Project object */ = {
			isa = PBXProject;
			attributes = {
				BuildIndependentTargetsInParallel = 1;
				LastSwiftUpdateCheck = 1400;
				LastUpgradeCheck = 1400;
				TargetAttributes = {
					BABED9DD2915D145003BB814 = {
						CreatedOnToolsVersion = 14.0.1;
					};
				};
			};
			buildConfigurationList = BABED9D92915D145003BB814 /* Build configuration list for PBXProject "ConcertClips" */;
			compatibilityVersion = "Xcode 14.0";
			developmentRegion = en;
			hasScannedForEncodings = 0;
			knownRegions = (
				en,
				Base,
			);
			mainGroup = BABED9D52915D145003BB814;
			packageReferences = (
				350C9AFE29418FFC00CA167C /* XCRemoteSwiftPackageReference "firebase-ios-sdk" */,
				350C9B072941902A00CA167C /* XCRemoteSwiftPackageReference "GoogleSignIn-iOS" */,
			);
			productRefGroup = BABED9DF2915D145003BB814 /* Products */;
			projectDirPath = "";
			projectRoot = "";
			targets = (
				BABED9DD2915D145003BB814 /* ConcertClips */,
			);
		};
/* End PBXProject section */

/* Begin PBXResourcesBuildPhase section */
		BABED9DC2915D145003BB814 /* Resources */ = {
			isa = PBXResourcesBuildPhase;
			buildActionMask = 2147483647;
			files = (
				BABED9E92915D146003BB814 /* Preview Assets.xcassets in Resources */,
				BABED9E62915D146003BB814 /* Assets.xcassets in Resources */,
				35E0C6092915DE210019D623 /* GoogleService-Info.plist in Resources */,
			);
			runOnlyForDeploymentPostprocessing = 0;
		};
/* End PBXResourcesBuildPhase section */

/* Begin PBXSourcesBuildPhase section */
		BABED9DA2915D145003BB814 /* Sources */ = {
			isa = PBXSourcesBuildPhase;
			buildActionMask = 2147483647;
			files = (
				BAB04BE7291DFFCE005B42DE /* FeedViewModel.swift in Sources */,
				BA970B08294131430082A687 /* AuthenticationViewModel.swift in Sources */,
				4925F0F529446D46000C78E1 /* no_clips_view.swift in Sources */,
				351E2E00294999330059BC34 /* EventDateFeedViewModel.swift in Sources */,
				35EF6DDA2941971800274957 /* EventSectionFeedView.swift in Sources */,
				BAB04BEB291E0CDE005B42DE /* FeedView.swift in Sources */,
				BA970B1A294135F90082A687 /* GoogleSignInButton.swift in Sources */,
				35519C6729186F2600B63497 /* ClipSelectViewModel.swift in Sources */,
				35AB9403293F94B9007EA56D /* EventFeedView.swift in Sources */,
				35EF6DD82941946E00274957 /* EventSectionView.swift in Sources */,
				35EF6DDE2941A68900274957 /* EventSectionFeedViewModel.swift in Sources */,
				351E2DFE294999070059BC34 /* EventDateFeedViewRepresentable.swift in Sources */,
				BABED9EB2915D146003BB814 /* Persistence.swift in Sources */,
				35519C502916BA0400B63497 /* UsersManagerViewModel.swift in Sources */,
				BA970B18294135C90082A687 /* LoginView.swift in Sources */,
				BA970B2529414F850082A687 /* UserView.swift in Sources */,
				4938783B2920388F00706587 /* FeedViewRepresentable.swift in Sources */,
				35519C6929187C8500B63497 /* Movie.swift in Sources */,
				BA970B1C2941368F0082A687 /* AppView.swift in Sources */,
				BABED9E42915D145003BB814 /* ContentView.swift in Sources */,
				35519C5A2916BFF000B63497 /* ClipsManagerViewModel.swift in Sources */,
				35AB93FF293EE5B8007EA56D /* SearchView.swift in Sources */,
				BA7D656A2942A1D90042C8ED /* SavedClipsViewRepresentable.swift in Sources */,
				BA7D65682942A1AD0042C8ED /* SavedClipsView.swift in Sources */,
				35519C562916BDD500B63497 /* ClipRepository.swift in Sources */,
				35519C4C2916B95400B63497 /* UserRepository.swift in Sources */,
				35519C6529186ECC00B63497 /* ClipSelectView.swift in Sources */,
				BAB04BE9291E002A005B42DE /* FeedViewCell.swift in Sources */,
				35AB9405294036A3007EA56D /* EventFeedViewRepresentable.swift in Sources */,
				BA970B1E2941375B0082A687 /* LoggedInView.swift in Sources */,
				BABED9EE2915D146003BB814 /* ConcertClips.xcdatamodeld in Sources */,
				35E0C60F2915E8850019D623 /* EventRepository.swift in Sources */,
				35519C422916AA0C00B63497 /* NewEventView.swift in Sources */,
				351E2DFA2949944D0059BC34 /* EventDateView.swift in Sources */,
				BA7D65662942A1220042C8ED /* SavedClipsViewModel.swift in Sources */,
				35EF6DDC2941A67300274957 /* EventSectionFeedViewRepresentable.swift in Sources */,
				35519C522916BA5700B63497 /* NewUserView.swift in Sources */,
				351E2DFC294998A10059BC34 /* EventDateFeedView.swift in Sources */,
				35E0C6122915E9950019D623 /* Event.swift in Sources */,
				35E0C6152915EB300019D623 /* EventViewModel.swift in Sources */,
				35519C452916AB7E00B63497 /* EventsManagerViewModel.swift in Sources */,
				35519C4E2916B9C400B63497 /* UserViewModel.swift in Sources */,
				35519C582916BF6C00B63497 /* ClipViewModel.swift in Sources */,
				35519C542916BCDB00B63497 /* Clip.swift in Sources */,
				35519C5C2916C09F00B63497 /* NewClipView.swift in Sources */,
				35AB940729403741007EA56D /* EventFeedViewModel.swift in Sources */,
				BABED9E22915D145003BB814 /* ConcertClipsApp.swift in Sources */,
				35519C8E291DD04C00B63497 /* UploadedView.swift in Sources */,
				35519C4A2916B8E400B63497 /* User.swift in Sources */,
			);
			runOnlyForDeploymentPostprocessing = 0;
		};
/* End PBXSourcesBuildPhase section */

/* Begin XCBuildConfiguration section */
		BABED9EF2915D146003BB814 /* Debug */ = {
			isa = XCBuildConfiguration;
			buildSettings = {
				ALWAYS_SEARCH_USER_PATHS = NO;
				CLANG_ANALYZER_NONNULL = YES;
				CLANG_ANALYZER_NUMBER_OBJECT_CONVERSION = YES_AGGRESSIVE;
				CLANG_CXX_LANGUAGE_STANDARD = "gnu++20";
				CLANG_ENABLE_MODULES = YES;
				CLANG_ENABLE_OBJC_ARC = YES;
				CLANG_ENABLE_OBJC_WEAK = YES;
				CLANG_WARN_BLOCK_CAPTURE_AUTORELEASING = YES;
				CLANG_WARN_BOOL_CONVERSION = YES;
				CLANG_WARN_COMMA = YES;
				CLANG_WARN_CONSTANT_CONVERSION = YES;
				CLANG_WARN_DEPRECATED_OBJC_IMPLEMENTATIONS = YES;
				CLANG_WARN_DIRECT_OBJC_ISA_USAGE = YES_ERROR;
				CLANG_WARN_DOCUMENTATION_COMMENTS = YES;
				CLANG_WARN_EMPTY_BODY = YES;
				CLANG_WARN_ENUM_CONVERSION = YES;
				CLANG_WARN_INFINITE_RECURSION = YES;
				CLANG_WARN_INT_CONVERSION = YES;
				CLANG_WARN_NON_LITERAL_NULL_CONVERSION = YES;
				CLANG_WARN_OBJC_IMPLICIT_RETAIN_SELF = YES;
				CLANG_WARN_OBJC_LITERAL_CONVERSION = YES;
				CLANG_WARN_OBJC_ROOT_CLASS = YES_ERROR;
				CLANG_WARN_QUOTED_INCLUDE_IN_FRAMEWORK_HEADER = YES;
				CLANG_WARN_RANGE_LOOP_ANALYSIS = YES;
				CLANG_WARN_STRICT_PROTOTYPES = YES;
				CLANG_WARN_SUSPICIOUS_MOVE = YES;
				CLANG_WARN_UNGUARDED_AVAILABILITY = YES_AGGRESSIVE;
				CLANG_WARN_UNREACHABLE_CODE = YES;
				CLANG_WARN__DUPLICATE_METHOD_MATCH = YES;
				COPY_PHASE_STRIP = NO;
				DEBUG_INFORMATION_FORMAT = dwarf;
				ENABLE_STRICT_OBJC_MSGSEND = YES;
				ENABLE_TESTABILITY = YES;
				GCC_C_LANGUAGE_STANDARD = gnu11;
				GCC_DYNAMIC_NO_PIC = NO;
				GCC_NO_COMMON_BLOCKS = YES;
				GCC_OPTIMIZATION_LEVEL = 0;
				GCC_PREPROCESSOR_DEFINITIONS = (
					"DEBUG=1",
					"$(inherited)",
				);
				GCC_WARN_64_TO_32_BIT_CONVERSION = YES;
				GCC_WARN_ABOUT_RETURN_TYPE = YES_ERROR;
				GCC_WARN_UNDECLARED_SELECTOR = YES;
				GCC_WARN_UNINITIALIZED_AUTOS = YES_AGGRESSIVE;
				GCC_WARN_UNUSED_FUNCTION = YES;
				GCC_WARN_UNUSED_VARIABLE = YES;
				IPHONEOS_DEPLOYMENT_TARGET = 16.0;
				MTL_ENABLE_DEBUG_INFO = INCLUDE_SOURCE;
				MTL_FAST_MATH = YES;
				ONLY_ACTIVE_ARCH = YES;
				SDKROOT = iphoneos;
				SWIFT_ACTIVE_COMPILATION_CONDITIONS = DEBUG;
				SWIFT_OPTIMIZATION_LEVEL = "-Onone";
			};
			name = Debug;
		};
		BABED9F02915D146003BB814 /* Release */ = {
			isa = XCBuildConfiguration;
			buildSettings = {
				ALWAYS_SEARCH_USER_PATHS = NO;
				CLANG_ANALYZER_NONNULL = YES;
				CLANG_ANALYZER_NUMBER_OBJECT_CONVERSION = YES_AGGRESSIVE;
				CLANG_CXX_LANGUAGE_STANDARD = "gnu++20";
				CLANG_ENABLE_MODULES = YES;
				CLANG_ENABLE_OBJC_ARC = YES;
				CLANG_ENABLE_OBJC_WEAK = YES;
				CLANG_WARN_BLOCK_CAPTURE_AUTORELEASING = YES;
				CLANG_WARN_BOOL_CONVERSION = YES;
				CLANG_WARN_COMMA = YES;
				CLANG_WARN_CONSTANT_CONVERSION = YES;
				CLANG_WARN_DEPRECATED_OBJC_IMPLEMENTATIONS = YES;
				CLANG_WARN_DIRECT_OBJC_ISA_USAGE = YES_ERROR;
				CLANG_WARN_DOCUMENTATION_COMMENTS = YES;
				CLANG_WARN_EMPTY_BODY = YES;
				CLANG_WARN_ENUM_CONVERSION = YES;
				CLANG_WARN_INFINITE_RECURSION = YES;
				CLANG_WARN_INT_CONVERSION = YES;
				CLANG_WARN_NON_LITERAL_NULL_CONVERSION = YES;
				CLANG_WARN_OBJC_IMPLICIT_RETAIN_SELF = YES;
				CLANG_WARN_OBJC_LITERAL_CONVERSION = YES;
				CLANG_WARN_OBJC_ROOT_CLASS = YES_ERROR;
				CLANG_WARN_QUOTED_INCLUDE_IN_FRAMEWORK_HEADER = YES;
				CLANG_WARN_RANGE_LOOP_ANALYSIS = YES;
				CLANG_WARN_STRICT_PROTOTYPES = YES;
				CLANG_WARN_SUSPICIOUS_MOVE = YES;
				CLANG_WARN_UNGUARDED_AVAILABILITY = YES_AGGRESSIVE;
				CLANG_WARN_UNREACHABLE_CODE = YES;
				CLANG_WARN__DUPLICATE_METHOD_MATCH = YES;
				COPY_PHASE_STRIP = NO;
				DEBUG_INFORMATION_FORMAT = "dwarf-with-dsym";
				ENABLE_NS_ASSERTIONS = NO;
				ENABLE_STRICT_OBJC_MSGSEND = YES;
				GCC_C_LANGUAGE_STANDARD = gnu11;
				GCC_NO_COMMON_BLOCKS = YES;
				GCC_WARN_64_TO_32_BIT_CONVERSION = YES;
				GCC_WARN_ABOUT_RETURN_TYPE = YES_ERROR;
				GCC_WARN_UNDECLARED_SELECTOR = YES;
				GCC_WARN_UNINITIALIZED_AUTOS = YES_AGGRESSIVE;
				GCC_WARN_UNUSED_FUNCTION = YES;
				GCC_WARN_UNUSED_VARIABLE = YES;
				IPHONEOS_DEPLOYMENT_TARGET = 16.0;
				MTL_ENABLE_DEBUG_INFO = NO;
				MTL_FAST_MATH = YES;
				SDKROOT = iphoneos;
				SWIFT_COMPILATION_MODE = wholemodule;
				SWIFT_OPTIMIZATION_LEVEL = "-O";
				VALIDATE_PRODUCT = YES;
			};
			name = Release;
		};
		BABED9F22915D146003BB814 /* Debug */ = {
			isa = XCBuildConfiguration;
			buildSettings = {
				ASSETCATALOG_COMPILER_APPICON_NAME = AppIcon;
				ASSETCATALOG_COMPILER_GLOBAL_ACCENT_COLOR_NAME = AccentColor;
				CODE_SIGN_STYLE = Automatic;
				CURRENT_PROJECT_VERSION = 1;
				DEVELOPMENT_ASSET_PATHS = "\"ConcertClips/Preview Content\"";
				DEVELOPMENT_TEAM = S7ZQUTDQBM;
				ENABLE_PREVIEWS = YES;
				GENERATE_INFOPLIST_FILE = YES;
				INFOPLIST_FILE = ConcertClips/Info.plist;
				INFOPLIST_KEY_UIApplicationSceneManifest_Generation = YES;
				INFOPLIST_KEY_UIApplicationSupportsIndirectInputEvents = YES;
				INFOPLIST_KEY_UILaunchScreen_Generation = YES;
				INFOPLIST_KEY_UISupportedInterfaceOrientations_iPad = "UIInterfaceOrientationPortrait UIInterfaceOrientationPortraitUpsideDown UIInterfaceOrientationLandscapeLeft UIInterfaceOrientationLandscapeRight";
				INFOPLIST_KEY_UISupportedInterfaceOrientations_iPhone = "UIInterfaceOrientationPortrait UIInterfaceOrientationLandscapeLeft UIInterfaceOrientationLandscapeRight";
				LD_RUNPATH_SEARCH_PATHS = (
					"$(inherited)",
					"@executable_path/Frameworks",
				);
				MARKETING_VERSION = 1.0;
				PRODUCT_BUNDLE_IDENTIFIER = vpathman.ConcertClips;
				PRODUCT_NAME = "$(TARGET_NAME)";
				SWIFT_EMIT_LOC_STRINGS = YES;
				SWIFT_VERSION = 5.0;
				TARGETED_DEVICE_FAMILY = "1,2";
			};
			name = Debug;
		};
		BABED9F32915D146003BB814 /* Release */ = {
			isa = XCBuildConfiguration;
			buildSettings = {
				ASSETCATALOG_COMPILER_APPICON_NAME = AppIcon;
				ASSETCATALOG_COMPILER_GLOBAL_ACCENT_COLOR_NAME = AccentColor;
				CODE_SIGN_STYLE = Automatic;
				CURRENT_PROJECT_VERSION = 1;
				DEVELOPMENT_ASSET_PATHS = "\"ConcertClips/Preview Content\"";
				DEVELOPMENT_TEAM = S7ZQUTDQBM;
				ENABLE_PREVIEWS = YES;
				GENERATE_INFOPLIST_FILE = YES;
				INFOPLIST_FILE = ConcertClips/Info.plist;
				INFOPLIST_KEY_UIApplicationSceneManifest_Generation = YES;
				INFOPLIST_KEY_UIApplicationSupportsIndirectInputEvents = YES;
				INFOPLIST_KEY_UILaunchScreen_Generation = YES;
				INFOPLIST_KEY_UISupportedInterfaceOrientations_iPad = "UIInterfaceOrientationPortrait UIInterfaceOrientationPortraitUpsideDown UIInterfaceOrientationLandscapeLeft UIInterfaceOrientationLandscapeRight";
				INFOPLIST_KEY_UISupportedInterfaceOrientations_iPhone = "UIInterfaceOrientationPortrait UIInterfaceOrientationLandscapeLeft UIInterfaceOrientationLandscapeRight";
				LD_RUNPATH_SEARCH_PATHS = (
					"$(inherited)",
					"@executable_path/Frameworks",
				);
				MARKETING_VERSION = 1.0;
				PRODUCT_BUNDLE_IDENTIFIER = vpathman.ConcertClips;
				PRODUCT_NAME = "$(TARGET_NAME)";
				SWIFT_EMIT_LOC_STRINGS = YES;
				SWIFT_VERSION = 5.0;
				TARGETED_DEVICE_FAMILY = "1,2";
			};
			name = Release;
		};
/* End XCBuildConfiguration section */

/* Begin XCConfigurationList section */
		BABED9D92915D145003BB814 /* Build configuration list for PBXProject "ConcertClips" */ = {
			isa = XCConfigurationList;
			buildConfigurations = (
				BABED9EF2915D146003BB814 /* Debug */,
				BABED9F02915D146003BB814 /* Release */,
			);
			defaultConfigurationIsVisible = 0;
			defaultConfigurationName = Release;
		};
		BABED9F12915D146003BB814 /* Build configuration list for PBXNativeTarget "ConcertClips" */ = {
			isa = XCConfigurationList;
			buildConfigurations = (
				BABED9F22915D146003BB814 /* Debug */,
				BABED9F32915D146003BB814 /* Release */,
			);
			defaultConfigurationIsVisible = 0;
			defaultConfigurationName = Release;
		};
/* End XCConfigurationList section */

/* Begin XCRemoteSwiftPackageReference section */
		350C9AFE29418FFC00CA167C /* XCRemoteSwiftPackageReference "firebase-ios-sdk" */ = {
			isa = XCRemoteSwiftPackageReference;
			repositoryURL = "https://github.com/firebase/firebase-ios-sdk";
			requirement = {
				branch = master;
				kind = branch;
			};
		};
		350C9B072941902A00CA167C /* XCRemoteSwiftPackageReference "GoogleSignIn-iOS" */ = {
			isa = XCRemoteSwiftPackageReference;
			repositoryURL = "https://github.com/google/GoogleSignIn-iOS";
			requirement = {
				kind = upToNextMajorVersion;
				minimumVersion = 6.0.0;
			};
		};
/* End XCRemoteSwiftPackageReference section */

/* Begin XCSwiftPackageProductDependency section */
		350C9AFF29418FFC00CA167C /* FirebaseAuth */ = {
			isa = XCSwiftPackageProductDependency;
			package = 350C9AFE29418FFC00CA167C /* XCRemoteSwiftPackageReference "firebase-ios-sdk" */;
			productName = FirebaseAuth;
		};
		350C9B0129418FFC00CA167C /* FirebaseFirestore */ = {
			isa = XCSwiftPackageProductDependency;
			package = 350C9AFE29418FFC00CA167C /* XCRemoteSwiftPackageReference "firebase-ios-sdk" */;
			productName = FirebaseFirestore;
		};
		350C9B0329418FFC00CA167C /* FirebaseFirestoreSwift */ = {
			isa = XCSwiftPackageProductDependency;
			package = 350C9AFE29418FFC00CA167C /* XCRemoteSwiftPackageReference "firebase-ios-sdk" */;
			productName = FirebaseFirestoreSwift;
		};
		350C9B0529418FFC00CA167C /* FirebaseStorage */ = {
			isa = XCSwiftPackageProductDependency;
			package = 350C9AFE29418FFC00CA167C /* XCRemoteSwiftPackageReference "firebase-ios-sdk" */;
			productName = FirebaseStorage;
		};
		350C9B082941902A00CA167C /* GoogleSignIn */ = {
			isa = XCSwiftPackageProductDependency;
			package = 350C9B072941902A00CA167C /* XCRemoteSwiftPackageReference "GoogleSignIn-iOS" */;
			productName = GoogleSignIn;
		};
		350C9B0A2941902A00CA167C /* GoogleSignInSwift */ = {
			isa = XCSwiftPackageProductDependency;
			package = 350C9B072941902A00CA167C /* XCRemoteSwiftPackageReference "GoogleSignIn-iOS" */;
			productName = GoogleSignInSwift;
		};
/* End XCSwiftPackageProductDependency section */

/* Begin XCVersionGroup section */
		BABED9EC2915D146003BB814 /* ConcertClips.xcdatamodeld */ = {
			isa = XCVersionGroup;
			children = (
				BABED9ED2915D146003BB814 /* ConcertClips.xcdatamodel */,
			);
			currentVersion = BABED9ED2915D146003BB814 /* ConcertClips.xcdatamodel */;
			path = ConcertClips.xcdatamodeld;
			sourceTree = "<group>";
			versionGroupType = wrapper.xcdatamodel;
		};
/* End XCVersionGroup section */
	};
	rootObject = BABED9D62915D145003BB814 /* Project object */;
}
